// !$*UTF8*$!
{
	archiveVersion = 1;
	classes = {
	};
	objectVersion = 55;
	objects = {

/* Begin PBXBuildFile section */
		4837CCD7272AA4A70084BEE5 /* CustomImagePickerController.swift in Sources */ = {isa = PBXBuildFile; fileRef = 4837CCD6272AA4A70084BEE5 /* CustomImagePickerController.swift */; };
		48A12083272A881600DBE5E5 /* BSImagePickerSwiftUi_testApp.swift in Sources */ = {isa = PBXBuildFile; fileRef = 48A12082272A881600DBE5E5 /* BSImagePickerSwiftUi_testApp.swift */; };
		48A12085272A881600DBE5E5 /* ContentView.swift in Sources */ = {isa = PBXBuildFile; fileRef = 48A12084272A881600DBE5E5 /* ContentView.swift */; };
		48A12087272A881900DBE5E5 /* Assets.xcassets in Resources */ = {isa = PBXBuildFile; fileRef = 48A12086272A881900DBE5E5 /* Assets.xcassets */; };
		48A1208A272A881900DBE5E5 /* Preview Assets.xcassets in Resources */ = {isa = PBXBuildFile; fileRef = 48A12089272A881900DBE5E5 /* Preview Assets.xcassets */; };
		48A12094272A881900DBE5E5 /* BSImagePickerSwiftUi_testTests.swift in Sources */ = {isa = PBXBuildFile; fileRef = 48A12093272A881900DBE5E5 /* BSImagePickerSwiftUi_testTests.swift */; };
		48A1209E272A881900DBE5E5 /* BSImagePickerSwiftUi_testUITests.swift in Sources */ = {isa = PBXBuildFile; fileRef = 48A1209D272A881900DBE5E5 /* BSImagePickerSwiftUi_testUITests.swift */; };
		48A120A0272A881900DBE5E5 /* BSImagePickerSwiftUi_testUITestsLaunchTests.swift in Sources */ = {isa = PBXBuildFile; fileRef = 48A1209F272A881900DBE5E5 /* BSImagePickerSwiftUi_testUITestsLaunchTests.swift */; };
		48A120AD272A88E300DBE5E5 /* BSImageSwiftUiView.swift in Sources */ = {isa = PBXBuildFile; fileRef = 48A120AC272A88E300DBE5E5 /* BSImageSwiftUiView.swift */; };
		48A120B4272A8E8C00DBE5E5 /* PhotoPickerVM.swift in Sources */ = {isa = PBXBuildFile; fileRef = 48A120B3272A8E8C00DBE5E5 /* PhotoPickerVM.swift */; };
		8AD8FB6FCDFC3138BC357218 /* Pods_BSImagePickerSwiftUi_testTests.framework in Frameworks */ = {isa = PBXBuildFile; fileRef = FA67EB1998ECD5D865041077 /* Pods_BSImagePickerSwiftUi_testTests.framework */; };
		A62AB8AB01D297EA5F9EB269 /* Pods_BSImagePickerSwiftUi_test_BSImagePickerSwiftUi_testUITests.framework in Frameworks */ = {isa = PBXBuildFile; fileRef = 9010830819BE8048778EA28D /* Pods_BSImagePickerSwiftUi_test_BSImagePickerSwiftUi_testUITests.framework */; };
		CB68494501785312D1373F3E /* Pods_BSImagePickerSwiftUi_test.framework in Frameworks */ = {isa = PBXBuildFile; fileRef = 0ED318638E6CE11E35ECC0C8 /* Pods_BSImagePickerSwiftUi_test.framework */; };
/* End PBXBuildFile section */

/* Begin PBXContainerItemProxy section */
		48A12090272A881900DBE5E5 /* PBXContainerItemProxy */ = {
			isa = PBXContainerItemProxy;
			containerPortal = 48A12077272A881600DBE5E5 /* Project object */;
			proxyType = 1;
			remoteGlobalIDString = 48A1207E272A881600DBE5E5;
			remoteInfo = BSImagePickerSwiftUi_test;
		};
		48A1209A272A881900DBE5E5 /* PBXContainerItemProxy */ = {
			isa = PBXContainerItemProxy;
			containerPortal = 48A12077272A881600DBE5E5 /* Project object */;
			proxyType = 1;
			remoteGlobalIDString = 48A1207E272A881600DBE5E5;
			remoteInfo = BSImagePickerSwiftUi_test;
		};
/* End PBXContainerItemProxy section */

/* Begin PBXFileReference section */
		0ED318638E6CE11E35ECC0C8 /* Pods_BSImagePickerSwiftUi_test.framework */ = {isa = PBXFileReference; explicitFileType = wrapper.framework; includeInIndex = 0; path = Pods_BSImagePickerSwiftUi_test.framework; sourceTree = BUILT_PRODUCTS_DIR; };
		336948D837B2C08C922F90E7 /* Pods-BSImagePickerSwiftUi_test.debug.xcconfig */ = {isa = PBXFileReference; includeInIndex = 1; lastKnownFileType = text.xcconfig; name = "Pods-BSImagePickerSwiftUi_test.debug.xcconfig"; path = "Target Support Files/Pods-BSImagePickerSwiftUi_test/Pods-BSImagePickerSwiftUi_test.debug.xcconfig"; sourceTree = "<group>"; };
		4837CCD6272AA4A70084BEE5 /* CustomImagePickerController.swift */ = {isa = PBXFileReference; lastKnownFileType = sourcecode.swift; path = CustomImagePickerController.swift; sourceTree = "<group>"; };
		48A1207F272A881600DBE5E5 /* BSImagePickerSwiftUi_test.app */ = {isa = PBXFileReference; explicitFileType = wrapper.application; includeInIndex = 0; path = BSImagePickerSwiftUi_test.app; sourceTree = BUILT_PRODUCTS_DIR; };
		48A12082272A881600DBE5E5 /* BSImagePickerSwiftUi_testApp.swift */ = {isa = PBXFileReference; lastKnownFileType = sourcecode.swift; path = BSImagePickerSwiftUi_testApp.swift; sourceTree = "<group>"; };
		48A12084272A881600DBE5E5 /* ContentView.swift */ = {isa = PBXFileReference; lastKnownFileType = sourcecode.swift; path = ContentView.swift; sourceTree = "<group>"; };
		48A12086272A881900DBE5E5 /* Assets.xcassets */ = {isa = PBXFileReference; lastKnownFileType = folder.assetcatalog; path = Assets.xcassets; sourceTree = "<group>"; };
		48A12089272A881900DBE5E5 /* Preview Assets.xcassets */ = {isa = PBXFileReference; lastKnownFileType = folder.assetcatalog; path = "Preview Assets.xcassets"; sourceTree = "<group>"; };
		48A1208F272A881900DBE5E5 /* BSImagePickerSwiftUi_testTests.xctest */ = {isa = PBXFileReference; explicitFileType = wrapper.cfbundle; includeInIndex = 0; path = BSImagePickerSwiftUi_testTests.xctest; sourceTree = BUILT_PRODUCTS_DIR; };
		48A12093272A881900DBE5E5 /* BSImagePickerSwiftUi_testTests.swift */ = {isa = PBXFileReference; lastKnownFileType = sourcecode.swift; path = BSImagePickerSwiftUi_testTests.swift; sourceTree = "<group>"; };
		48A12099272A881900DBE5E5 /* BSImagePickerSwiftUi_testUITests.xctest */ = {isa = PBXFileReference; explicitFileType = wrapper.cfbundle; includeInIndex = 0; path = BSImagePickerSwiftUi_testUITests.xctest; sourceTree = BUILT_PRODUCTS_DIR; };
		48A1209D272A881900DBE5E5 /* BSImagePickerSwiftUi_testUITests.swift */ = {isa = PBXFileReference; lastKnownFileType = sourcecode.swift; path = BSImagePickerSwiftUi_testUITests.swift; sourceTree = "<group>"; };
		48A1209F272A881900DBE5E5 /* BSImagePickerSwiftUi_testUITestsLaunchTests.swift */ = {isa = PBXFileReference; lastKnownFileType = sourcecode.swift; path = BSImagePickerSwiftUi_testUITestsLaunchTests.swift; sourceTree = "<group>"; };
		48A120AC272A88E300DBE5E5 /* BSImageSwiftUiView.swift */ = {isa = PBXFileReference; lastKnownFileType = sourcecode.swift; path = BSImageSwiftUiView.swift; sourceTree = "<group>"; };
		48A120B3272A8E8C00DBE5E5 /* PhotoPickerVM.swift */ = {isa = PBXFileReference; lastKnownFileType = sourcecode.swift; path = PhotoPickerVM.swift; sourceTree = "<group>"; };
		6A317F4DA13C92CF2E02A934 /* Pods-BSImagePickerSwiftUi_test-BSImagePickerSwiftUi_testUITests.release.xcconfig */ = {isa = PBXFileReference; includeInIndex = 1; lastKnownFileType = text.xcconfig; name = "Pods-BSImagePickerSwiftUi_test-BSImagePickerSwiftUi_testUITests.release.xcconfig"; path = "Target Support Files/Pods-BSImagePickerSwiftUi_test-BSImagePickerSwiftUi_testUITests/Pods-BSImagePickerSwiftUi_test-BSImagePickerSwiftUi_testUITests.release.xcconfig"; sourceTree = "<group>"; };
		78095F5CB1D514FE22B60315 /* Pods-BSImagePickerSwiftUi_test.release.xcconfig */ = {isa = PBXFileReference; includeInIndex = 1; lastKnownFileType = text.xcconfig; name = "Pods-BSImagePickerSwiftUi_test.release.xcconfig"; path = "Target Support Files/Pods-BSImagePickerSwiftUi_test/Pods-BSImagePickerSwiftUi_test.release.xcconfig"; sourceTree = "<group>"; };
		8EA397DDFF188063CFD233F9 /* Pods-BSImagePickerSwiftUi_test-BSImagePickerSwiftUi_testUITests.debug.xcconfig */ = {isa = PBXFileReference; includeInIndex = 1; lastKnownFileType = text.xcconfig; name = "Pods-BSImagePickerSwiftUi_test-BSImagePickerSwiftUi_testUITests.debug.xcconfig"; path = "Target Support Files/Pods-BSImagePickerSwiftUi_test-BSImagePickerSwiftUi_testUITests/Pods-BSImagePickerSwiftUi_test-BSImagePickerSwiftUi_testUITests.debug.xcconfig"; sourceTree = "<group>"; };
		9010830819BE8048778EA28D /* Pods_BSImagePickerSwiftUi_test_BSImagePickerSwiftUi_testUITests.framework */ = {isa = PBXFileReference; explicitFileType = wrapper.framework; includeInIndex = 0; path = Pods_BSImagePickerSwiftUi_test_BSImagePickerSwiftUi_testUITests.framework; sourceTree = BUILT_PRODUCTS_DIR; };
		984003BCADD22813AC87DCB5 /* Pods-BSImagePickerSwiftUi_testTests.release.xcconfig */ = {isa = PBXFileReference; includeInIndex = 1; lastKnownFileType = text.xcconfig; name = "Pods-BSImagePickerSwiftUi_testTests.release.xcconfig"; path = "Target Support Files/Pods-BSImagePickerSwiftUi_testTests/Pods-BSImagePickerSwiftUi_testTests.release.xcconfig"; sourceTree = "<group>"; };
		BCD3AFF88DCF0DE3DF8F5325 /* Pods-BSImagePickerSwiftUi_testTests.debug.xcconfig */ = {isa = PBXFileReference; includeInIndex = 1; lastKnownFileType = text.xcconfig; name = "Pods-BSImagePickerSwiftUi_testTests.debug.xcconfig"; path = "Target Support Files/Pods-BSImagePickerSwiftUi_testTests/Pods-BSImagePickerSwiftUi_testTests.debug.xcconfig"; sourceTree = "<group>"; };
		FA67EB1998ECD5D865041077 /* Pods_BSImagePickerSwiftUi_testTests.framework */ = {isa = PBXFileReference; explicitFileType = wrapper.framework; includeInIndex = 0; path = Pods_BSImagePickerSwiftUi_testTests.framework; sourceTree = BUILT_PRODUCTS_DIR; };
/* End PBXFileReference section */

/* Begin PBXFrameworksBuildPhase section */
		48A1207C272A881600DBE5E5 /* Frameworks */ = {
			isa = PBXFrameworksBuildPhase;
			buildActionMask = 2147483647;
			files = (
				CB68494501785312D1373F3E /* Pods_BSImagePickerSwiftUi_test.framework in Frameworks */,
			);
			runOnlyForDeploymentPostprocessing = 0;
		};
		48A1208C272A881900DBE5E5 /* Frameworks */ = {
			isa = PBXFrameworksBuildPhase;
			buildActionMask = 2147483647;
			files = (
				8AD8FB6FCDFC3138BC357218 /* Pods_BSImagePickerSwiftUi_testTests.framework in Frameworks */,
			);
			runOnlyForDeploymentPostprocessing = 0;
		};
		48A12096272A881900DBE5E5 /* Frameworks */ = {
			isa = PBXFrameworksBuildPhase;
			buildActionMask = 2147483647;
			files = (
				A62AB8AB01D297EA5F9EB269 /* Pods_BSImagePickerSwiftUi_test_BSImagePickerSwiftUi_testUITests.framework in Frameworks */,
			);
			runOnlyForDeploymentPostprocessing = 0;
		};
/* End PBXFrameworksBuildPhase section */

/* Begin PBXGroup section */
		48A12076272A881600DBE5E5 = {
			isa = PBXGroup;
			children = (
				48A12081272A881600DBE5E5 /* BSImagePickerSwiftUi_test */,
				48A12092272A881900DBE5E5 /* BSImagePickerSwiftUi_testTests */,
				48A1209C272A881900DBE5E5 /* BSImagePickerSwiftUi_testUITests */,
				48A12080272A881600DBE5E5 /* Products */,
				8B47031D58AA62F190ACC9CB /* Pods */,
				56BD0E6DF3B73D0A3AF137D5 /* Frameworks */,
			);
			sourceTree = "<group>";
		};
		48A12080272A881600DBE5E5 /* Products */ = {
			isa = PBXGroup;
			children = (
				48A1207F272A881600DBE5E5 /* BSImagePickerSwiftUi_test.app */,
				48A1208F272A881900DBE5E5 /* BSImagePickerSwiftUi_testTests.xctest */,
				48A12099272A881900DBE5E5 /* BSImagePickerSwiftUi_testUITests.xctest */,
			);
			name = Products;
			sourceTree = "<group>";
		};
		48A12081272A881600DBE5E5 /* BSImagePickerSwiftUi_test */ = {
			isa = PBXGroup;
			children = (
				48A12082272A881600DBE5E5 /* BSImagePickerSwiftUi_testApp.swift */,
				48A12084272A881600DBE5E5 /* ContentView.swift */,
				48A120B3272A8E8C00DBE5E5 /* PhotoPickerVM.swift */,
				48A120AC272A88E300DBE5E5 /* BSImageSwiftUiView.swift */,
				4837CCD6272AA4A70084BEE5 /* CustomImagePickerController.swift */,
				48A12086272A881900DBE5E5 /* Assets.xcassets */,
				48A12088272A881900DBE5E5 /* Preview Content */,
			);
			path = BSImagePickerSwiftUi_test;
			sourceTree = "<group>";
		};
		48A12088272A881900DBE5E5 /* Preview Content */ = {
			isa = PBXGroup;
			children = (
				48A12089272A881900DBE5E5 /* Preview Assets.xcassets */,
			);
			path = "Preview Content";
			sourceTree = "<group>";
		};
		48A12092272A881900DBE5E5 /* BSImagePickerSwiftUi_testTests */ = {
			isa = PBXGroup;
			children = (
				48A12093272A881900DBE5E5 /* BSImagePickerSwiftUi_testTests.swift */,
			);
			path = BSImagePickerSwiftUi_testTests;
			sourceTree = "<group>";
		};
		48A1209C272A881900DBE5E5 /* BSImagePickerSwiftUi_testUITests */ = {
			isa = PBXGroup;
			children = (
				48A1209D272A881900DBE5E5 /* BSImagePickerSwiftUi_testUITests.swift */,
				48A1209F272A881900DBE5E5 /* BSImagePickerSwiftUi_testUITestsLaunchTests.swift */,
			);
			path = BSImagePickerSwiftUi_testUITests;
			sourceTree = "<group>";
		};
		56BD0E6DF3B73D0A3AF137D5 /* Frameworks */ = {
			isa = PBXGroup;
			children = (
				0ED318638E6CE11E35ECC0C8 /* Pods_BSImagePickerSwiftUi_test.framework */,
				9010830819BE8048778EA28D /* Pods_BSImagePickerSwiftUi_test_BSImagePickerSwiftUi_testUITests.framework */,
				FA67EB1998ECD5D865041077 /* Pods_BSImagePickerSwiftUi_testTests.framework */,
			);
			name = Frameworks;
			sourceTree = "<group>";
		};
		8B47031D58AA62F190ACC9CB /* Pods */ = {
			isa = PBXGroup;
			children = (
				336948D837B2C08C922F90E7 /* Pods-BSImagePickerSwiftUi_test.debug.xcconfig */,
				78095F5CB1D514FE22B60315 /* Pods-BSImagePickerSwiftUi_test.release.xcconfig */,
				8EA397DDFF188063CFD233F9 /* Pods-BSImagePickerSwiftUi_test-BSImagePickerSwiftUi_testUITests.debug.xcconfig */,
				6A317F4DA13C92CF2E02A934 /* Pods-BSImagePickerSwiftUi_test-BSImagePickerSwiftUi_testUITests.release.xcconfig */,
				BCD3AFF88DCF0DE3DF8F5325 /* Pods-BSImagePickerSwiftUi_testTests.debug.xcconfig */,
				984003BCADD22813AC87DCB5 /* Pods-BSImagePickerSwiftUi_testTests.release.xcconfig */,
			);
			path = Pods;
			sourceTree = "<group>";
		};
/* End PBXGroup section */

/* Begin PBXNativeTarget section */
		48A1207E272A881600DBE5E5 /* BSImagePickerSwiftUi_test */ = {
			isa = PBXNativeTarget;
			buildConfigurationList = 48A120A3272A881900DBE5E5 /* Build configuration list for PBXNativeTarget "BSImagePickerSwiftUi_test" */;
			buildPhases = (
				69EF4E7FA8CA797C6AF14777 /* [CP] Check Pods Manifest.lock */,
				48A1207B272A881600DBE5E5 /* Sources */,
				48A1207C272A881600DBE5E5 /* Frameworks */,
				48A1207D272A881600DBE5E5 /* Resources */,
				2C3127CF1E1EF1380BFE2241 /* [CP] Embed Pods Frameworks */,
			);
			buildRules = (
			);
			dependencies = (
			);
			name = BSImagePickerSwiftUi_test;
			productName = BSImagePickerSwiftUi_test;
			productReference = 48A1207F272A881600DBE5E5 /* BSImagePickerSwiftUi_test.app */;
			productType = "com.apple.product-type.application";
		};
		48A1208E272A881900DBE5E5 /* BSImagePickerSwiftUi_testTests */ = {
			isa = PBXNativeTarget;
			buildConfigurationList = 48A120A6272A881900DBE5E5 /* Build configuration list for PBXNativeTarget "BSImagePickerSwiftUi_testTests" */;
			buildPhases = (
				92386B4E9E682A6F08D16E1B /* [CP] Check Pods Manifest.lock */,
				48A1208B272A881900DBE5E5 /* Sources */,
				48A1208C272A881900DBE5E5 /* Frameworks */,
				48A1208D272A881900DBE5E5 /* Resources */,
			);
			buildRules = (
			);
			dependencies = (
				48A12091272A881900DBE5E5 /* PBXTargetDependency */,
			);
			name = BSImagePickerSwiftUi_testTests;
			productName = BSImagePickerSwiftUi_testTests;
			productReference = 48A1208F272A881900DBE5E5 /* BSImagePickerSwiftUi_testTests.xctest */;
			productType = "com.apple.product-type.bundle.unit-test";
		};
		48A12098272A881900DBE5E5 /* BSImagePickerSwiftUi_testUITests */ = {
			isa = PBXNativeTarget;
			buildConfigurationList = 48A120A9272A881900DBE5E5 /* Build configuration list for PBXNativeTarget "BSImagePickerSwiftUi_testUITests" */;
			buildPhases = (
				A54EB4C3D469C1AB6DFED501 /* [CP] Check Pods Manifest.lock */,
				48A12095272A881900DBE5E5 /* Sources */,
				48A12096272A881900DBE5E5 /* Frameworks */,
				48A12097272A881900DBE5E5 /* Resources */,
				CB27D43E8FB0999FEC325873 /* [CP] Embed Pods Frameworks */,
			);
			buildRules = (
			);
			dependencies = (
				48A1209B272A881900DBE5E5 /* PBXTargetDependency */,
			);
			name = BSImagePickerSwiftUi_testUITests;
			productName = BSImagePickerSwiftUi_testUITests;
			productReference = 48A12099272A881900DBE5E5 /* BSImagePickerSwiftUi_testUITests.xctest */;
			productType = "com.apple.product-type.bundle.ui-testing";
		};
/* End PBXNativeTarget section */

/* Begin PBXProject section */
		48A12077272A881600DBE5E5 /* Project object */ = {
			isa = PBXProject;
			attributes = {
				BuildIndependentTargetsInParallel = 1;
				LastSwiftUpdateCheck = 1300;
				LastUpgradeCheck = 1300;
				TargetAttributes = {
					48A1207E272A881600DBE5E5 = {
						CreatedOnToolsVersion = 13.0;
					};
					48A1208E272A881900DBE5E5 = {
						CreatedOnToolsVersion = 13.0;
						TestTargetID = 48A1207E272A881600DBE5E5;
					};
					48A12098272A881900DBE5E5 = {
						CreatedOnToolsVersion = 13.0;
						TestTargetID = 48A1207E272A881600DBE5E5;
					};
				};
			};
			buildConfigurationList = 48A1207A272A881600DBE5E5 /* Build configuration list for PBXProject "BSImagePickerSwiftUi_test" */;
			compatibilityVersion = "Xcode 13.0";
			developmentRegion = en;
			hasScannedForEncodings = 0;
			knownRegions = (
				en,
				Base,
				ko,
			);
			mainGroup = 48A12076272A881600DBE5E5;
			productRefGroup = 48A12080272A881600DBE5E5 /* Products */;
			projectDirPath = "";
			projectRoot = "";
			targets = (
				48A1207E272A881600DBE5E5 /* BSImagePickerSwiftUi_test */,
				48A1208E272A881900DBE5E5 /* BSImagePickerSwiftUi_testTests */,
				48A12098272A881900DBE5E5 /* BSImagePickerSwiftUi_testUITests */,
			);
		};
/* End PBXProject section */

/* Begin PBXResourcesBuildPhase section */
		48A1207D272A881600DBE5E5 /* Resources */ = {
			isa = PBXResourcesBuildPhase;
			buildActionMask = 2147483647;
			files = (
				48A1208A272A881900DBE5E5 /* Preview Assets.xcassets in Resources */,
				48A12087272A881900DBE5E5 /* Assets.xcassets in Resources */,
			);
			runOnlyForDeploymentPostprocessing = 0;
		};
		48A1208D272A881900DBE5E5 /* Resources */ = {
			isa = PBXResourcesBuildPhase;
			buildActionMask = 2147483647;
			files = (
			);
			runOnlyForDeploymentPostprocessing = 0;
		};
		48A12097272A881900DBE5E5 /* Resources */ = {
			isa = PBXResourcesBuildPhase;
			buildActionMask = 2147483647;
			files = (
			);
			runOnlyForDeploymentPostprocessing = 0;
		};
/* End PBXResourcesBuildPhase section */

/* Begin PBXShellScriptBuildPhase section */
		2C3127CF1E1EF1380BFE2241 /* [CP] Embed Pods Frameworks */ = {
			isa = PBXShellScriptBuildPhase;
			buildActionMask = 2147483647;
			files = (
			);
			inputFileListPaths = (
				"${PODS_ROOT}/Target Support Files/Pods-BSImagePickerSwiftUi_test/Pods-BSImagePickerSwiftUi_test-frameworks-${CONFIGURATION}-input-files.xcfilelist",
			);
			name = "[CP] Embed Pods Frameworks";
			outputFileListPaths = (
				"${PODS_ROOT}/Target Support Files/Pods-BSImagePickerSwiftUi_test/Pods-BSImagePickerSwiftUi_test-frameworks-${CONFIGURATION}-output-files.xcfilelist",
			);
			runOnlyForDeploymentPostprocessing = 0;
			shellPath = /bin/sh;
			shellScript = "\"${PODS_ROOT}/Target Support Files/Pods-BSImagePickerSwiftUi_test/Pods-BSImagePickerSwiftUi_test-frameworks.sh\"\n";
			showEnvVarsInLog = 0;
		};
		69EF4E7FA8CA797C6AF14777 /* [CP] Check Pods Manifest.lock */ = {
			isa = PBXShellScriptBuildPhase;
			buildActionMask = 2147483647;
			files = (
			);
			inputFileListPaths = (
			);
			inputPaths = (
				"${PODS_PODFILE_DIR_PATH}/Podfile.lock",
				"${PODS_ROOT}/Manifest.lock",
			);
			name = "[CP] Check Pods Manifest.lock";
			outputFileListPaths = (
			);
			outputPaths = (
				"$(DERIVED_FILE_DIR)/Pods-BSImagePickerSwiftUi_test-checkManifestLockResult.txt",
			);
			runOnlyForDeploymentPostprocessing = 0;
			shellPath = /bin/sh;
			shellScript = "diff \"${PODS_PODFILE_DIR_PATH}/Podfile.lock\" \"${PODS_ROOT}/Manifest.lock\" > /dev/null\nif [ $? != 0 ] ; then\n    # print error to STDERR\n    echo \"error: The sandbox is not in sync with the Podfile.lock. Run 'pod install' or update your CocoaPods installation.\" >&2\n    exit 1\nfi\n# This output is used by Xcode 'outputs' to avoid re-running this script phase.\necho \"SUCCESS\" > \"${SCRIPT_OUTPUT_FILE_0}\"\n";
			showEnvVarsInLog = 0;
		};
		92386B4E9E682A6F08D16E1B /* [CP] Check Pods Manifest.lock */ = {
			isa = PBXShellScriptBuildPhase;
			buildActionMask = 2147483647;
			files = (
			);
			inputFileListPaths = (
			);
			inputPaths = (
				"${PODS_PODFILE_DIR_PATH}/Podfile.lock",
				"${PODS_ROOT}/Manifest.lock",
			);
			name = "[CP] Check Pods Manifest.lock";
			outputFileListPaths = (
			);
			outputPaths = (
				"$(DERIVED_FILE_DIR)/Pods-BSImagePickerSwiftUi_testTests-checkManifestLockResult.txt",
			);
			runOnlyForDeploymentPostprocessing = 0;
			shellPath = /bin/sh;
			shellScript = "diff \"${PODS_PODFILE_DIR_PATH}/Podfile.lock\" \"${PODS_ROOT}/Manifest.lock\" > /dev/null\nif [ $? != 0 ] ; then\n    # print error to STDERR\n    echo \"error: The sandbox is not in sync with the Podfile.lock. Run 'pod install' or update your CocoaPods installation.\" >&2\n    exit 1\nfi\n# This output is used by Xcode 'outputs' to avoid re-running this script phase.\necho \"SUCCESS\" > \"${SCRIPT_OUTPUT_FILE_0}\"\n";
			showEnvVarsInLog = 0;
		};
		A54EB4C3D469C1AB6DFED501 /* [CP] Check Pods Manifest.lock */ = {
			isa = PBXShellScriptBuildPhase;
			buildActionMask = 2147483647;
			files = (
			);
			inputFileListPaths = (
			);
			inputPaths = (
				"${PODS_PODFILE_DIR_PATH}/Podfile.lock",
				"${PODS_ROOT}/Manifest.lock",
			);
			name = "[CP] Check Pods Manifest.lock";
			outputFileListPaths = (
			);
			outputPaths = (
				"$(DERIVED_FILE_DIR)/Pods-BSImagePickerSwiftUi_test-BSImagePickerSwiftUi_testUITests-checkManifestLockResult.txt",
			);
			runOnlyForDeploymentPostprocessing = 0;
			shellPath = /bin/sh;
			shellScript = "diff \"${PODS_PODFILE_DIR_PATH}/Podfile.lock\" \"${PODS_ROOT}/Manifest.lock\" > /dev/null\nif [ $? != 0 ] ; then\n    # print error to STDERR\n    echo \"error: The sandbox is not in sync with the Podfile.lock. Run 'pod install' or update your CocoaPods installation.\" >&2\n    exit 1\nfi\n# This output is used by Xcode 'outputs' to avoid re-running this script phase.\necho \"SUCCESS\" > \"${SCRIPT_OUTPUT_FILE_0}\"\n";
			showEnvVarsInLog = 0;
		};
		CB27D43E8FB0999FEC325873 /* [CP] Embed Pods Frameworks */ = {
			isa = PBXShellScriptBuildPhase;
			buildActionMask = 2147483647;
			files = (
			);
			inputFileListPaths = (
				"${PODS_ROOT}/Target Support Files/Pods-BSImagePickerSwiftUi_test-BSImagePickerSwiftUi_testUITests/Pods-BSImagePickerSwiftUi_test-BSImagePickerSwiftUi_testUITests-frameworks-${CONFIGURATION}-input-files.xcfilelist",
			);
			name = "[CP] Embed Pods Frameworks";
			outputFileListPaths = (
				"${PODS_ROOT}/Target Support Files/Pods-BSImagePickerSwiftUi_test-BSImagePickerSwiftUi_testUITests/Pods-BSImagePickerSwiftUi_test-BSImagePickerSwiftUi_testUITests-frameworks-${CONFIGURATION}-output-files.xcfilelist",
			);
			runOnlyForDeploymentPostprocessing = 0;
			shellPath = /bin/sh;
			shellScript = "\"${PODS_ROOT}/Target Support Files/Pods-BSImagePickerSwiftUi_test-BSImagePickerSwiftUi_testUITests/Pods-BSImagePickerSwiftUi_test-BSImagePickerSwiftUi_testUITests-frameworks.sh\"\n";
			showEnvVarsInLog = 0;
		};
/* End PBXShellScriptBuildPhase section */

/* Begin PBXSourcesBuildPhase section */
		48A1207B272A881600DBE5E5 /* Sources */ = {
			isa = PBXSourcesBuildPhase;
			buildActionMask = 2147483647;
			files = (
				48A12085272A881600DBE5E5 /* ContentView.swift in Sources */,
				4837CCD7272AA4A70084BEE5 /* CustomImagePickerController.swift in Sources */,
				48A120B4272A8E8C00DBE5E5 /* PhotoPickerVM.swift in Sources */,
				48A12083272A881600DBE5E5 /* BSImagePickerSwiftUi_testApp.swift in Sources */,
				48A120AD272A88E300DBE5E5 /* BSImageSwiftUiView.swift in Sources */,
			);
			runOnlyForDeploymentPostprocessing = 0;
		};
		48A1208B272A881900DBE5E5 /* Sources */ = {
			isa = PBXSourcesBuildPhase;
			buildActionMask = 2147483647;
			files = (
				48A12094272A881900DBE5E5 /* BSImagePickerSwiftUi_testTests.swift in Sources */,
			);
			runOnlyForDeploymentPostprocessing = 0;
		};
		48A12095272A881900DBE5E5 /* Sources */ = {
			isa = PBXSourcesBuildPhase;
			buildActionMask = 2147483647;
			files = (
				48A1209E272A881900DBE5E5 /* BSImagePickerSwiftUi_testUITests.swift in Sources */,
				48A120A0272A881900DBE5E5 /* BSImagePickerSwiftUi_testUITestsLaunchTests.swift in Sources */,
			);
			runOnlyForDeploymentPostprocessing = 0;
		};
/* End PBXSourcesBuildPhase section */

/* Begin PBXTargetDependency section */
		48A12091272A881900DBE5E5 /* PBXTargetDependency */ = {
			isa = PBXTargetDependency;
			target = 48A1207E272A881600DBE5E5 /* BSImagePickerSwiftUi_test */;
			targetProxy = 48A12090272A881900DBE5E5 /* PBXContainerItemProxy */;
		};
		48A1209B272A881900DBE5E5 /* PBXTargetDependency */ = {
			isa = PBXTargetDependency;
			target = 48A1207E272A881600DBE5E5 /* BSImagePickerSwiftUi_test */;
			targetProxy = 48A1209A272A881900DBE5E5 /* PBXContainerItemProxy */;
		};
/* End PBXTargetDependency section */

/* Begin XCBuildConfiguration section */
		48A120A1272A881900DBE5E5 /* Debug */ = {
			isa = XCBuildConfiguration;
			buildSettings = {
				ALWAYS_SEARCH_USER_PATHS = NO;
				CLANG_ANALYZER_NONNULL = YES;
				CLANG_ANALYZER_NUMBER_OBJECT_CONVERSION = YES_AGGRESSIVE;
				CLANG_CXX_LANGUAGE_STANDARD = "gnu++17";
				CLANG_CXX_LIBRARY = "libc++";
				CLANG_ENABLE_MODULES = YES;
				CLANG_ENABLE_OBJC_ARC = YES;
				CLANG_ENABLE_OBJC_WEAK = YES;
				CLANG_WARN_BLOCK_CAPTURE_AUTORELEASING = YES;
				CLANG_WARN_BOOL_CONVERSION = YES;
				CLANG_WARN_COMMA = YES;
				CLANG_WARN_CONSTANT_CONVERSION = YES;
				CLANG_WARN_DEPRECATED_OBJC_IMPLEMENTATIONS = YES;
				CLANG_WARN_DIRECT_OBJC_ISA_USAGE = YES_ERROR;
				CLANG_WARN_DOCUMENTATION_COMMENTS = YES;
				CLANG_WARN_EMPTY_BODY = YES;
				CLANG_WARN_ENUM_CONVERSION = YES;
				CLANG_WARN_INFINITE_RECURSION = YES;
				CLANG_WARN_INT_CONVERSION = YES;
				CLANG_WARN_NON_LITERAL_NULL_CONVERSION = YES;
				CLANG_WARN_OBJC_IMPLICIT_RETAIN_SELF = YES;
				CLANG_WARN_OBJC_LITERAL_CONVERSION = YES;
				CLANG_WARN_OBJC_ROOT_CLASS = YES_ERROR;
				CLANG_WARN_QUOTED_INCLUDE_IN_FRAMEWORK_HEADER = YES;
				CLANG_WARN_RANGE_LOOP_ANALYSIS = YES;
				CLANG_WARN_STRICT_PROTOTYPES = YES;
				CLANG_WARN_SUSPICIOUS_MOVE = YES;
				CLANG_WARN_UNGUARDED_AVAILABILITY = YES_AGGRESSIVE;
				CLANG_WARN_UNREACHABLE_CODE = YES;
				CLANG_WARN__DUPLICATE_METHOD_MATCH = YES;
				COPY_PHASE_STRIP = NO;
				DEBUG_INFORMATION_FORMAT = dwarf;
				ENABLE_STRICT_OBJC_MSGSEND = YES;
				ENABLE_TESTABILITY = YES;
				GCC_C_LANGUAGE_STANDARD = gnu11;
				GCC_DYNAMIC_NO_PIC = NO;
				GCC_NO_COMMON_BLOCKS = YES;
				GCC_OPTIMIZATION_LEVEL = 0;
				GCC_PREPROCESSOR_DEFINITIONS = (
					"DEBUG=1",
					"$(inherited)",
				);
				GCC_WARN_64_TO_32_BIT_CONVERSION = YES;
				GCC_WARN_ABOUT_RETURN_TYPE = YES_ERROR;
				GCC_WARN_UNDECLARED_SELECTOR = YES;
				GCC_WARN_UNINITIALIZED_AUTOS = YES_AGGRESSIVE;
				GCC_WARN_UNUSED_FUNCTION = YES;
				GCC_WARN_UNUSED_VARIABLE = YES;
				IPHONEOS_DEPLOYMENT_TARGET = 15.0;
				MTL_ENABLE_DEBUG_INFO = INCLUDE_SOURCE;
				MTL_FAST_MATH = YES;
				ONLY_ACTIVE_ARCH = YES;
				SDKROOT = iphoneos;
				SWIFT_ACTIVE_COMPILATION_CONDITIONS = DEBUG;
				SWIFT_OPTIMIZATION_LEVEL = "-Onone";
			};
			name = Debug;
		};
		48A120A2272A881900DBE5E5 /* Release */ = {
			isa = XCBuildConfiguration;
			buildSettings = {
				ALWAYS_SEARCH_USER_PATHS = NO;
				CLANG_ANALYZER_NONNULL = YES;
				CLANG_ANALYZER_NUMBER_OBJECT_CONVERSION = YES_AGGRESSIVE;
				CLANG_CXX_LANGUAGE_STANDARD = "gnu++17";
				CLANG_CXX_LIBRARY = "libc++";
				CLANG_ENABLE_MODULES = YES;
				CLANG_ENABLE_OBJC_ARC = YES;
				CLANG_ENABLE_OBJC_WEAK = YES;
				CLANG_WARN_BLOCK_CAPTURE_AUTORELEASING = YES;
				CLANG_WARN_BOOL_CONVERSION = YES;
				CLANG_WARN_COMMA = YES;
				CLANG_WARN_CONSTANT_CONVERSION = YES;
				CLANG_WARN_DEPRECATED_OBJC_IMPLEMENTATIONS = YES;
				CLANG_WARN_DIRECT_OBJC_ISA_USAGE = YES_ERROR;
				CLANG_WARN_DOCUMENTATION_COMMENTS = YES;
				CLANG_WARN_EMPTY_BODY = YES;
				CLANG_WARN_ENUM_CONVERSION = YES;
				CLANG_WARN_INFINITE_RECURSION = YES;
				CLANG_WARN_INT_CONVERSION = YES;
				CLANG_WARN_NON_LITERAL_NULL_CONVERSION = YES;
				CLANG_WARN_OBJC_IMPLICIT_RETAIN_SELF = YES;
				CLANG_WARN_OBJC_LITERAL_CONVERSION = YES;
				CLANG_WARN_OBJC_ROOT_CLASS = YES_ERROR;
				CLANG_WARN_QUOTED_INCLUDE_IN_FRAMEWORK_HEADER = YES;
				CLANG_WARN_RANGE_LOOP_ANALYSIS = YES;
				CLANG_WARN_STRICT_PROTOTYPES = YES;
				CLANG_WARN_SUSPICIOUS_MOVE = YES;
				CLANG_WARN_UNGUARDED_AVAILABILITY = YES_AGGRESSIVE;
				CLANG_WARN_UNREACHABLE_CODE = YES;
				CLANG_WARN__DUPLICATE_METHOD_MATCH = YES;
				COPY_PHASE_STRIP = NO;
				DEBUG_INFORMATION_FORMAT = "dwarf-with-dsym";
				ENABLE_NS_ASSERTIONS = NO;
				ENABLE_STRICT_OBJC_MSGSEND = YES;
				GCC_C_LANGUAGE_STANDARD = gnu11;
				GCC_NO_COMMON_BLOCKS = YES;
				GCC_WARN_64_TO_32_BIT_CONVERSION = YES;
				GCC_WARN_ABOUT_RETURN_TYPE = YES_ERROR;
				GCC_WARN_UNDECLARED_SELECTOR = YES;
				GCC_WARN_UNINITIALIZED_AUTOS = YES_AGGRESSIVE;
				GCC_WARN_UNUSED_FUNCTION = YES;
				GCC_WARN_UNUSED_VARIABLE = YES;
				IPHONEOS_DEPLOYMENT_TARGET = 15.0;
				MTL_ENABLE_DEBUG_INFO = NO;
				MTL_FAST_MATH = YES;
				SDKROOT = iphoneos;
				SWIFT_COMPILATION_MODE = wholemodule;
				SWIFT_OPTIMIZATION_LEVEL = "-O";
				VALIDATE_PRODUCT = YES;
			};
			name = Release;
		};
		48A120A4272A881900DBE5E5 /* Debug */ = {
			isa = XCBuildConfiguration;
			baseConfigurationReference = 336948D837B2C08C922F90E7 /* Pods-BSImagePickerSwiftUi_test.debug.xcconfig */;
			buildSettings = {
				ASSETCATALOG_COMPILER_APPICON_NAME = AppIcon;
				ASSETCATALOG_COMPILER_GLOBAL_ACCENT_COLOR_NAME = AccentColor;
				CODE_SIGN_STYLE = Automatic;
				CURRENT_PROJECT_VERSION = 1;
				DEVELOPMENT_ASSET_PATHS = "\"BSImagePickerSwiftUi_test/Preview Content\"";
				DEVELOPMENT_TEAM = 67XDG42679;
				ENABLE_PREVIEWS = YES;
				GENERATE_INFOPLIST_FILE = NO;
				INFOPLIST_FILE = info.plist;
				INFOPLIST_KEY_UIApplicationSceneManifest_Generation = YES;
				INFOPLIST_KEY_UIApplicationSupportsIndirectInputEvents = YES;
				INFOPLIST_KEY_UILaunchScreen_Generation = YES;
				INFOPLIST_KEY_UISupportedInterfaceOrientations_iPad = "UIInterfaceOrientationPortrait UIInterfaceOrientationPortraitUpsideDown UIInterfaceOrientationLandscapeLeft UIInterfaceOrientationLandscapeRight";
				INFOPLIST_KEY_UISupportedInterfaceOrientations_iPhone = "UIInterfaceOrientationPortrait UIInterfaceOrientationLandscapeLeft UIInterfaceOrientationLandscapeRight";
				LD_RUNPATH_SEARCH_PATHS = (
					"$(inherited)",
					"@executable_path/Frameworks",
				);
				MARKETING_VERSION = 1.0;
				PRODUCT_BUNDLE_IDENTIFIER = "com.tuentuenna.BSImagePickerSwiftUi-test";
				PRODUCT_NAME = "$(TARGET_NAME)";
				SWIFT_EMIT_LOC_STRINGS = YES;
				SWIFT_VERSION = 5.0;
				TARGETED_DEVICE_FAMILY = "1,2";
			};
			name = Debug;
		};
		48A120A5272A881900DBE5E5 /* Release */ = {
			isa = XCBuildConfiguration;
			baseConfigurationReference = 78095F5CB1D514FE22B60315 /* Pods-BSImagePickerSwiftUi_test.release.xcconfig */;
			buildSettings = {
				ASSETCATALOG_COMPILER_APPICON_NAME = AppIcon;
				ASSETCATALOG_COMPILER_GLOBAL_ACCENT_COLOR_NAME = AccentColor;
				CODE_SIGN_STYLE = Automatic;
				CURRENT_PROJECT_VERSION = 1;
				DEVELOPMENT_ASSET_PATHS = "\"BSImagePickerSwiftUi_test/Preview Content\"";
				DEVELOPMENT_TEAM = 67XDG42679;
				ENABLE_PREVIEWS = YES;
				GENERATE_INFOPLIST_FILE = NO;
				INFOPLIST_FILE = info.plist;
				INFOPLIST_KEY_UIApplicationSceneManifest_Generation = YES;
				INFOPLIST_KEY_UIApplicationSupportsIndirectInputEvents = YES;
				INFOPLIST_KEY_UILaunchScreen_Generation = YES;
				INFOPLIST_KEY_UISupportedInterfaceOrientations_iPad = "UIInterfaceOrientationPortrait UIInterfaceOrientationPortraitUpsideDown UIInterfaceOrientationLandscapeLeft UIInterfaceOrientationLandscapeRight";
				INFOPLIST_KEY_UISupportedInterfaceOrientations_iPhone = "UIInterfaceOrientationPortrait UIInterfaceOrientationLandscapeLeft UIInterfaceOrientationLandscapeRight";
				LD_RUNPATH_SEARCH_PATHS = (
					"$(inherited)",
					"@executable_path/Frameworks",
				);
				MARKETING_VERSION = 1.0;
				PRODUCT_BUNDLE_IDENTIFIER = "com.tuentuenna.BSImagePickerSwiftUi-test";
				PRODUCT_NAME = "$(TARGET_NAME)";
				SWIFT_EMIT_LOC_STRINGS = YES;
				SWIFT_VERSION = 5.0;
				TARGETED_DEVICE_FAMILY = "1,2";
			};
			name = Release;
		};
		48A120A7272A881900DBE5E5 /* Debug */ = {
			isa = XCBuildConfiguration;
			baseConfigurationReference = BCD3AFF88DCF0DE3DF8F5325 /* Pods-BSImagePickerSwiftUi_testTests.debug.xcconfig */;
			buildSettings = {
				ALWAYS_EMBED_SWIFT_STANDARD_LIBRARIES = YES;
				BUNDLE_LOADER = "$(TEST_HOST)";
				CODE_SIGN_STYLE = Automatic;
				CURRENT_PROJECT_VERSION = 1;
				DEVELOPMENT_TEAM = 67XDG42679;
				GENERATE_INFOPLIST_FILE = YES;
				IPHONEOS_DEPLOYMENT_TARGET = 15.0;
				LD_RUNPATH_SEARCH_PATHS = (
					"$(inherited)",
					"@executable_path/Frameworks",
					"@loader_path/Frameworks",
				);
				MARKETING_VERSION = 1.0;
				PRODUCT_BUNDLE_IDENTIFIER = "com.tuentuenna.BSImagePickerSwiftUi-testTests";
				PRODUCT_NAME = "$(TARGET_NAME)";
				SWIFT_EMIT_LOC_STRINGS = NO;
				SWIFT_VERSION = 5.0;
				TARGETED_DEVICE_FAMILY = "1,2";
				TEST_HOST = "$(BUILT_PRODUCTS_DIR)/BSImagePickerSwiftUi_test.app/BSImagePickerSwiftUi_test";
			};
			name = Debug;
		};
		48A120A8272A881900DBE5E5 /* Release */ = {
			isa = XCBuildConfiguration;
			baseConfigurationReference = 984003BCADD22813AC87DCB5 /* Pods-BSImagePickerSwiftUi_testTests.release.xcconfig */;
			buildSettings = {
				ALWAYS_EMBED_SWIFT_STANDARD_LIBRARIES = YES;
				BUNDLE_LOADER = "$(TEST_HOST)";
				CODE_SIGN_STYLE = Automatic;
				CURRENT_PROJECT_VERSION = 1;
				DEVELOPMENT_TEAM = 67XDG42679;
				GENERATE_INFOPLIST_FILE = YES;
				IPHONEOS_DEPLOYMENT_TARGET = 15.0;
				LD_RUNPATH_SEARCH_PATHS = (
					"$(inherited)",
					"@executable_path/Frameworks",
					"@loader_path/Frameworks",
				);
				MARKETING_VERSION = 1.0;
				PRODUCT_BUNDLE_IDENTIFIER = "com.tuentuenna.BSImagePickerSwiftUi-testTests";
				PRODUCT_NAME = "$(TARGET_NAME)";
				SWIFT_EMIT_LOC_STRINGS = NO;
				SWIFT_VERSION = 5.0;
				TARGETED_DEVICE_FAMILY = "1,2";
				TEST_HOST = "$(BUILT_PRODUCTS_DIR)/BSImagePickerSwiftUi_test.app/BSImagePickerSwiftUi_test";
			};
			name = Release;
		};
		48A120AA272A881900DBE5E5 /* Debug */ = {
			isa = XCBuildConfiguration;
			baseConfigurationReference = 8EA397DDFF188063CFD233F9 /* Pods-BSImagePickerSwiftUi_test-BSImagePickerSwiftUi_testUITests.debug.xcconfig */;
			buildSettings = {
				ALWAYS_EMBED_SWIFT_STANDARD_LIBRARIES = YES;
				CODE_SIGN_STYLE = Automatic;
				CURRENT_PROJECT_VERSION = 1;
				DEVELOPMENT_TEAM = 67XDG42679;
				GENERATE_INFOPLIST_FILE = YES;
				LD_RUNPATH_SEARCH_PATHS = (
					"$(inherited)",
					"@executable_path/Frameworks",
					"@loader_path/Frameworks",
				);
				MARKETING_VERSION = 1.0;
				PRODUCT_BUNDLE_IDENTIFIER = "com.tuentuenna.BSImagePickerSwiftUi-testUITests";
				PRODUCT_NAME = "$(TARGET_NAME)";
				SWIFT_EMIT_LOC_STRINGS = NO;
				SWIFT_VERSION = 5.0;
				TARGETED_DEVICE_FAMILY = "1,2";
				TEST_TARGET_NAME = BSImagePickerSwiftUi_test;
			};
			name = Debug;
		};
		48A120AB272A881900DBE5E5 /* Release */ = {
			isa = XCBuildConfiguration;
			baseConfigurationReference = 6A317F4DA13C92CF2E02A934 /* Pods-BSImagePickerSwiftUi_test-BSImagePickerSwiftUi_testUITests.release.xcconfig */;
			buildSettings = {
				ALWAYS_EMBED_SWIFT_STANDARD_LIBRARIES = YES;
				CODE_SIGN_STYLE = Automatic;
				CURRENT_PROJECT_VERSION = 1;
				DEVELOPMENT_TEAM = 67XDG42679;
				GENERATE_INFOPLIST_FILE = YES;
				LD_RUNPATH_SEARCH_PATHS = (
					"$(inherited)",
					"@executable_path/Frameworks",
					"@loader_path/Frameworks",
				);
				MARKETING_VERSION = 1.0;
				PRODUCT_BUNDLE_IDENTIFIER = "com.tuentuenna.BSImagePickerSwiftUi-testUITests";
				PRODUCT_NAME = "$(TARGET_NAME)";
				SWIFT_EMIT_LOC_STRINGS = NO;
				SWIFT_VERSION = 5.0;
				TARGETED_DEVICE_FAMILY = "1,2";
				TEST_TARGET_NAME = BSImagePickerSwiftUi_test;
			};
			name = Release;
		};
/* End XCBuildConfiguration section */

/* Begin XCConfigurationList section */
		48A1207A272A881600DBE5E5 /* Build configuration list for PBXProject "BSImagePickerSwiftUi_test" */ = {
			isa = XCConfigurationList;
			buildConfigurations = (
				48A120A1272A881900DBE5E5 /* Debug */,
				48A120A2272A881900DBE5E5 /* Release */,
			);
			defaultConfigurationIsVisible = 0;
			defaultConfigurationName = Release;
		};
		48A120A3272A881900DBE5E5 /* Build configuration list for PBXNativeTarget "BSImagePickerSwiftUi_test" */ = {
			isa = XCConfigurationList;
			buildConfigurations = (
				48A120A4272A881900DBE5E5 /* Debug */,
				48A120A5272A881900DBE5E5 /* Release */,
			);
			defaultConfigurationIsVisible = 0;
			defaultConfigurationName = Release;
		};
		48A120A6272A881900DBE5E5 /* Build configuration list for PBXNativeTarget "BSImagePickerSwiftUi_testTests" */ = {
			isa = XCConfigurationList;
			buildConfigurations = (
				48A120A7272A881900DBE5E5 /* Debug */,
				48A120A8272A881900DBE5E5 /* Release */,
			);
			defaultConfigurationIsVisible = 0;
			defaultConfigurationName = Release;
		};
		48A120A9272A881900DBE5E5 /* Build configuration list for PBXNativeTarget "BSImagePickerSwiftUi_testUITests" */ = {
			isa = XCConfigurationList;
			buildConfigurations = (
				48A120AA272A881900DBE5E5 /* Debug */,
				48A120AB272A881900DBE5E5 /* Release */,
			);
			defaultConfigurationIsVisible = 0;
			defaultConfigurationName = Release;
		};
/* End XCConfigurationList section */
	};
	rootObject = 48A12077272A881600DBE5E5 /* Project object */;
}
